
Microsoft Visual Studio Solution File, Format Version 12.00
# Visual Studio Version 16
VisualStudioVersion = 16.0.29025.244
MinimumVisualStudioVersion = 10.0.40219.1
Project("{FAE04EC0-301F-11D3-BF4B-00C04F79EFBC}") = "tournamentDirector", "tournamentDirector.csproj", "{0B0A9D01-7B9C-4D54-B5A2-EAA2017A24A8}"
EndProject
Global
	GlobalSection(SolutionConfigurationPlatforms) = preSolution
		Debug|Any CPU = Debug|Any CPU
		Release|Any CPU = Release|Any CPU
	EndGlobalSection
	GlobalSection(ProjectConfigurationPlatforms) = postSolution
		{0B0A9D01-7B9C-4D54-B5A2-EAA2017A24A8}.Debug|Any CPU.ActiveCfg = Debug|Any CPU
		{0B0A9D01-7B9C-4D54-B5A2-EAA2017A24A8}.Debug|Any CPU.Build.0 = Debug|Any CPU
		{0B0A9D01-7B9C-4D54-B5A2-EAA2017A24A8}.Release|Any CPU.ActiveCfg = Release|Any CPU
		{0B0A9D01-7B9C-4D54-B5A2-EAA2017A24A8}.Release|Any CPU.Build.0 = Release|Any CPU
	EndGlobalSection
	GlobalSection(SolutionProperties) = preSolution
		HideSolutionNode = FALSE
	EndGlobalSection
	GlobalSection(ExtensibilityGlobals) = postSolution
		SolutionGuid = {27884EF6-5C8D-49EA-A910-AEDAAA176ACC}
	EndGlobalSection
EndGlobal
